
Microsoft Visual Studio Solution File, Format Version 12.00
# Visual Studio Version 17
VisualStudioVersion = 17.3.32929.385
MinimumVisualStudioVersion = 10.0.40219.1
Project("{FAE04EC0-301F-11D3-BF4B-00C04F79EFBC}") = "4_Powtorka_Mazgaj", "4_Powtorka_Mazgaj\4_Powtorka_Mazgaj.csproj", "{FCF29BAD-6734-42B4-84A0-940653E1A2ED}"
EndProject
Global
	GlobalSection(SolutionConfigurationPlatforms) = preSolution
		Debug|Any CPU = Debug|Any CPU
		Release|Any CPU = Release|Any CPU
	EndGlobalSection
	GlobalSection(ProjectConfigurationPlatforms) = postSolution
		{FCF29BAD-6734-42B4-84A0-940653E1A2ED}.Debug|Any CPU.ActiveCfg = Debug|Any CPU
		{FCF29BAD-6734-42B4-84A0-940653E1A2ED}.Debug|Any CPU.Build.0 = Debug|Any CPU
		{FCF29BAD-6734-42B4-84A0-940653E1A2ED}.Release|Any CPU.ActiveCfg = Release|Any CPU
		{FCF29BAD-6734-42B4-84A0-940653E1A2ED}.Release|Any CPU.Build.0 = Release|Any CPU
	EndGlobalSection
	GlobalSection(SolutionProperties) = preSolution
		HideSolutionNode = FALSE
	EndGlobalSection
	GlobalSection(ExtensibilityGlobals) = postSolution
		SolutionGuid = {F7C690E6-80B6-4759-80B4-A92DB4F23D1E}
	EndGlobalSection
EndGlobal
