
Microsoft Visual Studio Solution File, Format Version 12.00
# Visual Studio Version 17
VisualStudioVersion = 17.2.32516.85
MinimumVisualStudioVersion = 10.0.40219.1
Project("{9A19103F-16F7-4668-BE54-9A1E7A4F7556}") = "FilmDBZ404", "FilmDBZ404\FilmDBZ404.csproj", "{C31B6572-0D22-4F65-BA85-04D6CF8ED840}"
EndProject
Project("{FAE04EC0-301F-11D3-BF4B-00C04F79EFBC}") = "Workshop", "Workshop\Workshop.csproj", "{FC9D6CC9-28E0-45F4-A182-FC8845E3E9FB}"
EndProject
Global
	GlobalSection(SolutionConfigurationPlatforms) = preSolution
		Debug|Any CPU = Debug|Any CPU
		Release|Any CPU = Release|Any CPU
	EndGlobalSection
	GlobalSection(ProjectConfigurationPlatforms) = postSolution
		{C31B6572-0D22-4F65-BA85-04D6CF8ED840}.Debug|Any CPU.ActiveCfg = Debug|Any CPU
		{C31B6572-0D22-4F65-BA85-04D6CF8ED840}.Debug|Any CPU.Build.0 = Debug|Any CPU
		{C31B6572-0D22-4F65-BA85-04D6CF8ED840}.Release|Any CPU.ActiveCfg = Release|Any CPU
		{C31B6572-0D22-4F65-BA85-04D6CF8ED840}.Release|Any CPU.Build.0 = Release|Any CPU
		{FC9D6CC9-28E0-45F4-A182-FC8845E3E9FB}.Debug|Any CPU.ActiveCfg = Debug|Any CPU
		{FC9D6CC9-28E0-45F4-A182-FC8845E3E9FB}.Debug|Any CPU.Build.0 = Debug|Any CPU
		{FC9D6CC9-28E0-45F4-A182-FC8845E3E9FB}.Release|Any CPU.ActiveCfg = Release|Any CPU
		{FC9D6CC9-28E0-45F4-A182-FC8845E3E9FB}.Release|Any CPU.Build.0 = Release|Any CPU
	EndGlobalSection
	GlobalSection(SolutionProperties) = preSolution
		HideSolutionNode = FALSE
	EndGlobalSection
	GlobalSection(ExtensibilityGlobals) = postSolution
		SolutionGuid = {C92FF767-D75D-4629-B3B0-D6E930757CE9}
	EndGlobalSection
EndGlobal
